<?xml version="1.0" encoding="utf-8"?>
<Project ToolsVersion="4.0" xmlns="http://schemas.microsoft.com/developer/msbuild/2003">
  <ItemGroup>
    <Filter Include="ソース ファイル">
      <UniqueIdentifier>{4FC737F1-C7A5-4376-A066-2A32D752A2FF}</UniqueIdentifier>
      <Extensions>cpp;c;cc;cxx;def;odl;idl;hpj;bat;asm;asmx</Extensions>
    </Filter>
    <Filter Include="ヘッダー ファイル">
      <UniqueIdentifier>{93995380-89BD-4b04-88EB-625FBE52EBFB}</UniqueIdentifier>
      <Extensions>h;hh;hpp;hxx;hm;inl;inc;xsd</Extensions>
    </Filter>
    <Filter Include="リソース ファイル">
      <UniqueIdentifier>{67DA6AB6-F800-4c08-8B7A-83BB121AAD01}</UniqueIdentifier>
      <Extensions>rc;ico;cur;bmp;dlg;rc2;rct;bin;rgs;gif;jpg;jpeg;jpe;resx;tiff;tif;png;wav;mfcribbon-ms</Extensions>
    </Filter>
    <Filter Include="ヘッダー ファイル\Mnemonics">
      <UniqueIdentifier>{da3cd56d-53d9-4cc3-9fd8-567f45c16724}</UniqueIdentifier>
    </Filter>
    <Filter Include="ソース ファイル\Encode">
      <UniqueIdentifier>{f2ddf419-fbda-40be-a242-ce83689df17c}</UniqueIdentifier>
    </Filter>
    <Filter Include="ソース ファイル\Common">
      <UniqueIdentifier>{44d7798e-e4e1-4797-a729-62d97eac9d65}</UniqueIdentifier>
    </Filter>
    <Filter Include="ヘッダー ファイル\Common">
      <UniqueIdentifier>{df5d3833-fab0-46f0-a56b-ae6341d1f54f}</UniqueIdentifier>
    </Filter>
    <Filter Include="ヘッダー ファイル\Encode">
      <UniqueIdentifier>{caa930dd-4de9-4826-8014-de10e1ff9d2e}</UniqueIdentifier>
    </Filter>
    <Filter Include="ソース ファイル\Interpret">
      <UniqueIdentifier>{58048347-3042-4035-a68e-09b01289999a}</UniqueIdentifier>
    </Filter>
    <Filter Include="ヘッダー ファイル\Interpret">
      <UniqueIdentifier>{e4e995ac-a249-49eb-896a-ff852881d343}</UniqueIdentifier>
    </Filter>
  </ItemGroup>
  <ItemGroup>
    <Text Include="ReadMe.txt" />
  </ItemGroup>
  <ItemGroup>
    <ClInclude Include="ladirvirelyl.h">
      <Filter>ヘッダー ファイル</Filter>
    </ClInclude>
    <ClInclude Include="Mnemonics\ope_fen.h">
      <Filter>ヘッダー ファイル\Mnemonics</Filter>
    </ClInclude>
    <ClInclude Include="Mnemonics\ope_krz.h">
      <Filter>ヘッダー ファイル\Mnemonics</Filter>
    </ClInclude>
    <ClInclude Include="Mnemonics\ope_inj.h">
      <Filter>ヘッダー ファイル\Mnemonics</Filter>
    </ClInclude>
    <ClInclude Include="Mnemonics\ope_ata.h">
      <Filter>ヘッダー ファイル\Mnemonics</Filter>
    </ClInclude>
    <ClInclude Include="Mnemonics\ope_fi.h">
      <Filter>ヘッダー ファイル\Mnemonics</Filter>
    </ClInclude>
    <ClInclude Include="Mnemonics\ope_malkrz.h">
      <Filter>ヘッダー ファイル\Mnemonics</Filter>
    </ClInclude>
    <ClInclude Include="Mnemonics\ope_nta.h">
      <Filter>ヘッダー ファイル\Mnemonics</Filter>
    </ClInclude>
    <ClInclude Include="Mnemonics.h">
      <Filter>ヘッダー ファイル\Common</Filter>
    </ClInclude>
    <ClInclude Include="Linker.h">
      <Filter>ヘッダー ファイル\Encode</Filter>
    </ClInclude>
    <ClInclude Include="Mnemonic.h">
      <Filter>ヘッダー ファイル\Common</Filter>
    </ClInclude>
    <ClInclude Include="Module.h">
      <Filter>ヘッダー ファイル\Common</Filter>
    </ClInclude>
    <ClInclude Include="Parse.h">
      <Filter>ヘッダー ファイル\Encode</Filter>
    </ClInclude>
    <ClInclude Include="Parameter.h">
      <Filter>ヘッダー ファイル\Common</Filter>
    </ClInclude>
    <ClInclude Include="Common.h">
      <Filter>ヘッダー ファイル\Common</Filter>
    </ClInclude>
    <ClInclude Include="Statement.h">
      <Filter>ヘッダー ファイル\Common</Filter>
    </ClInclude>
    <ClInclude Include="Symbol.h">
      <Filter>ヘッダー ファイル\Common</Filter>
    </ClInclude>
    <ClInclude Include="Sequencer.h">
      <Filter>ヘッダー ファイル\Interpret</Filter>
    </ClInclude>
  </ItemGroup>
  <ItemGroup>
    <ClCompile Include="assembler.cpp">
      <Filter>ソース ファイル</Filter>
    </ClCompile>
    <ClCompile Include="Linker.cpp">
      <Filter>ソース ファイル\Encode</Filter>
    </ClCompile>
    <ClCompile Include="Parse.cpp">
      <Filter>ソース ファイル\Encode</Filter>
    </ClCompile>
    <ClCompile Include="Mnemonics.cpp">
      <Filter>ソース ファイル\Common</Filter>
    </ClCompile>
    <ClCompile Include="ladirvirelyl.cpp">
      <Filter>ソース ファイル</Filter>
    </ClCompile>
    <ClCompile Include="Module.cpp">
      <Filter>ソース ファイル\Common</Filter>
    </ClCompile>
    <ClCompile Include="Statement.cpp">
      <Filter>ソース ファイル\Common</Filter>
    </ClCompile>
    <ClCompile Include="Sequencer.cpp">
      <Filter>ソース ファイル\Interpret</Filter>
    </ClCompile>
  </ItemGroup>
</Project>